
Microsoft Visual Studio Solution File, Format Version 12.00
# Visual Studio Version 16
VisualStudioVersion = 16.0.29806.167
MinimumVisualStudioVersion = 10.0.40219.1
Project("{FAE04EC0-301F-11D3-BF4B-00C04F79EFBC}") = "SFMLNetZippedAssets", "SFMLNetZippedAssets\SFMLNetZippedAssets.csproj", "{F575F19D-F54C-4B58-97A0-317A9F253C4D}"
EndProject
Global
	GlobalSection(SolutionConfigurationPlatforms) = preSolution
		Debug|Any CPU = Debug|Any CPU
		Release|Any CPU = Release|Any CPU
	EndGlobalSection
	GlobalSection(ProjectConfigurationPlatforms) = postSolution
		{F575F19D-F54C-4B58-97A0-317A9F253C4D}.Debug|Any CPU.ActiveCfg = Debug|Any CPU
		{F575F19D-F54C-4B58-97A0-317A9F253C4D}.Debug|Any CPU.Build.0 = Debug|Any CPU
		{F575F19D-F54C-4B58-97A0-317A9F253C4D}.Release|Any CPU.ActiveCfg = Release|Any CPU
		{F575F19D-F54C-4B58-97A0-317A9F253C4D}.Release|Any CPU.Build.0 = Release|Any CPU
	EndGlobalSection
	GlobalSection(SolutionProperties) = preSolution
		HideSolutionNode = FALSE
	EndGlobalSection
	GlobalSection(ExtensibilityGlobals) = postSolution
		SolutionGuid = {DC35C493-82A8-4226-A822-1BFCFA10401B}
	EndGlobalSection
EndGlobal
